// !$*UTF8*$!
{
	archiveVersion = 1;
	classes = {
	};
	objectVersion = 46;
	objects = {

/* Begin PBXBuildFile section */
		91BB46001DFA832200FCE6A5 /* AppDelegate.swift in Sources */ = {isa = PBXBuildFile; fileRef = 91BB45FF1DFA832200FCE6A5 /* AppDelegate.swift */; };
		91BB46021DFA832200FCE6A5 /* ViewController.swift in Sources */ = {isa = PBXBuildFile; fileRef = 91BB46011DFA832200FCE6A5 /* ViewController.swift */; };
		91BB46051DFA832200FCE6A5 /* Main.storyboard in Resources */ = {isa = PBXBuildFile; fileRef = 91BB46031DFA832200FCE6A5 /* Main.storyboard */; };
		91BB46081DFA832200FCE6A5 /* FlickrPhotosManager.xcdatamodeld in Sources */ = {isa = PBXBuildFile; fileRef = 91BB46061DFA832200FCE6A5 /* FlickrPhotosManager.xcdatamodeld */; };
		91BB460A1DFA832200FCE6A5 /* Assets.xcassets in Resources */ = {isa = PBXBuildFile; fileRef = 91BB46091DFA832200FCE6A5 /* Assets.xcassets */; };
		91BB460D1DFA832200FCE6A5 /* LaunchScreen.storyboard in Resources */ = {isa = PBXBuildFile; fileRef = 91BB460B1DFA832200FCE6A5 /* LaunchScreen.storyboard */; };
		91BB46181DFA832200FCE6A5 /* FlickrPhotosManagerTests.swift in Sources */ = {isa = PBXBuildFile; fileRef = 91BB46171DFA832200FCE6A5 /* FlickrPhotosManagerTests.swift */; };
		91BB46231DFA832300FCE6A5 /* FlickrPhotosManagerUITests.swift in Sources */ = {isa = PBXBuildFile; fileRef = 91BB46221DFA832300FCE6A5 /* FlickrPhotosManagerUITests.swift */; };
/* End PBXBuildFile section */

/* Begin PBXContainerItemProxy section */
		91BB46141DFA832200FCE6A5 /* PBXContainerItemProxy */ = {
			isa = PBXContainerItemProxy;
			containerPortal = 91BB45F41DFA832200FCE6A5 /* Project object */;
			proxyType = 1;
			remoteGlobalIDString = 91BB45FB1DFA832200FCE6A5;
			remoteInfo = FlickrPhotosManager;
		};
		91BB461F1DFA832300FCE6A5 /* PBXContainerItemProxy */ = {
			isa = PBXContainerItemProxy;
			containerPortal = 91BB45F41DFA832200FCE6A5 /* Project object */;
			proxyType = 1;
			remoteGlobalIDString = 91BB45FB1DFA832200FCE6A5;
			remoteInfo = FlickrPhotosManager;
		};
/* End PBXContainerItemProxy section */

/* Begin PBXFileReference section */
		91BB45FC1DFA832200FCE6A5 /* FlickrPhotosManager.app */ = {isa = PBXFileReference; explicitFileType = wrapper.application; includeInIndex = 0; path = FlickrPhotosManager.app; sourceTree = BUILT_PRODUCTS_DIR; };
		91BB45FF1DFA832200FCE6A5 /* AppDelegate.swift */ = {isa = PBXFileReference; lastKnownFileType = sourcecode.swift; path = AppDelegate.swift; sourceTree = "<group>"; };
		91BB46011DFA832200FCE6A5 /* ViewController.swift */ = {isa = PBXFileReference; lastKnownFileType = sourcecode.swift; path = ViewController.swift; sourceTree = "<group>"; };
		91BB46041DFA832200FCE6A5 /* Base */ = {isa = PBXFileReference; lastKnownFileType = file.storyboard; name = Base; path = Base.lproj/Main.storyboard; sourceTree = "<group>"; };
		91BB46071DFA832200FCE6A5 /* FlickrPhotosManager.xcdatamodel */ = {isa = PBXFileReference; lastKnownFileType = wrapper.xcdatamodel; path = FlickrPhotosManager.xcdatamodel; sourceTree = "<group>"; };
		91BB46091DFA832200FCE6A5 /* Assets.xcassets */ = {isa = PBXFileReference; lastKnownFileType = folder.assetcatalog; path = Assets.xcassets; sourceTree = "<group>"; };
		91BB460C1DFA832200FCE6A5 /* Base */ = {isa = PBXFileReference; lastKnownFileType = file.storyboard; name = Base; path = Base.lproj/LaunchScreen.storyboard; sourceTree = "<group>"; };
		91BB460E1DFA832200FCE6A5 /* Info.plist */ = {isa = PBXFileReference; lastKnownFileType = text.plist.xml; path = Info.plist; sourceTree = "<group>"; };
		91BB46131DFA832200FCE6A5 /* FlickrPhotosManagerTests.xctest */ = {isa = PBXFileReference; explicitFileType = wrapper.cfbundle; includeInIndex = 0; path = FlickrPhotosManagerTests.xctest; sourceTree = BUILT_PRODUCTS_DIR; };
		91BB46171DFA832200FCE6A5 /* FlickrPhotosManagerTests.swift */ = {isa = PBXFileReference; lastKnownFileType = sourcecode.swift; path = FlickrPhotosManagerTests.swift; sourceTree = "<group>"; };
		91BB46191DFA832200FCE6A5 /* Info.plist */ = {isa = PBXFileReference; lastKnownFileType = text.plist.xml; path = Info.plist; sourceTree = "<group>"; };
		91BB461E1DFA832300FCE6A5 /* FlickrPhotosManagerUITests.xctest */ = {isa = PBXFileReference; explicitFileType = wrapper.cfbundle; includeInIndex = 0; path = FlickrPhotosManagerUITests.xctest; sourceTree = BUILT_PRODUCTS_DIR; };
		91BB46221DFA832300FCE6A5 /* FlickrPhotosManagerUITests.swift */ = {isa = PBXFileReference; lastKnownFileType = sourcecode.swift; path = FlickrPhotosManagerUITests.swift; sourceTree = "<group>"; };
		91BB46241DFA832300FCE6A5 /* Info.plist */ = {isa = PBXFileReference; lastKnownFileType = text.plist.xml; path = Info.plist; sourceTree = "<group>"; };
/* End PBXFileReference section */

/* Begin PBXFrameworksBuildPhase section */
		91BB45F91DFA832200FCE6A5 /* Frameworks */ = {
			isa = PBXFrameworksBuildPhase;
			buildActionMask = 2147483647;
			files = (
			);
			runOnlyForDeploymentPostprocessing = 0;
		};
		91BB46101DFA832200FCE6A5 /* Frameworks */ = {
			isa = PBXFrameworksBuildPhase;
			buildActionMask = 2147483647;
			files = (
			);
			runOnlyForDeploymentPostprocessing = 0;
		};
		91BB461B1DFA832300FCE6A5 /* Frameworks */ = {
			isa = PBXFrameworksBuildPhase;
			buildActionMask = 2147483647;
			files = (
			);
			runOnlyForDeploymentPostprocessing = 0;
		};
/* End PBXFrameworksBuildPhase section */

/* Begin PBXGroup section */
		91BB45F31DFA832100FCE6A5 = {
			isa = PBXGroup;
			children = (
				91BB45FE1DFA832200FCE6A5 /* FlickrPhotosManager */,
				91BB46161DFA832200FCE6A5 /* FlickrPhotosManagerTests */,
				91BB46211DFA832300FCE6A5 /* FlickrPhotosManagerUITests */,
				91BB45FD1DFA832200FCE6A5 /* Products */,
			);
			sourceTree = "<group>";
		};
		91BB45FD1DFA832200FCE6A5 /* Products */ = {
			isa = PBXGroup;
			children = (
				91BB45FC1DFA832200FCE6A5 /* FlickrPhotosManager.app */,
				91BB46131DFA832200FCE6A5 /* FlickrPhotosManagerTests.xctest */,
				91BB461E1DFA832300FCE6A5 /* FlickrPhotosManagerUITests.xctest */,
			);
			name = Products;
			sourceTree = "<group>";
		};
		91BB45FE1DFA832200FCE6A5 /* FlickrPhotosManager */ = {
			isa = PBXGroup;
			children = (
				91BB45FF1DFA832200FCE6A5 /* AppDelegate.swift */,
				91BB46011DFA832200FCE6A5 /* ViewController.swift */,
				91BB46031DFA832200FCE6A5 /* Main.storyboard */,
				91BB46091DFA832200FCE6A5 /* Assets.xcassets */,
				91BB460B1DFA832200FCE6A5 /* LaunchScreen.storyboard */,
				91BB460E1DFA832200FCE6A5 /* Info.plist */,
				91BB46061DFA832200FCE6A5 /* FlickrPhotosManager.xcdatamodeld */,
			);
			path = FlickrPhotosManager;
			sourceTree = "<group>";
		};
		91BB46161DFA832200FCE6A5 /* FlickrPhotosManagerTests */ = {
			isa = PBXGroup;
			children = (
				91BB46171DFA832200FCE6A5 /* FlickrPhotosManagerTests.swift */,
				91BB46191DFA832200FCE6A5 /* Info.plist */,
			);
			path = FlickrPhotosManagerTests;
			sourceTree = "<group>";
		};
		91BB46211DFA832300FCE6A5 /* FlickrPhotosManagerUITests */ = {
			isa = PBXGroup;
			children = (
				91BB46221DFA832300FCE6A5 /* FlickrPhotosManagerUITests.swift */,
				91BB46241DFA832300FCE6A5 /* Info.plist */,
			);
			path = FlickrPhotosManagerUITests;
			sourceTree = "<group>";
		};
/* End PBXGroup section */

/* Begin PBXNativeTarget section */
		91BB45FB1DFA832200FCE6A5 /* FlickrPhotosManager */ = {
			isa = PBXNativeTarget;
			buildConfigurationList = 91BB46271DFA832300FCE6A5 /* Build configuration list for PBXNativeTarget "FlickrPhotosManager" */;
			buildPhases = (
				91BB45F81DFA832200FCE6A5 /* Sources */,
				91BB45F91DFA832200FCE6A5 /* Frameworks */,
				91BB45FA1DFA832200FCE6A5 /* Resources */,
			);
			buildRules = (
			);
			dependencies = (
			);
			name = FlickrPhotosManager;
			productName = FlickrPhotosManager;
			productReference = 91BB45FC1DFA832200FCE6A5 /* FlickrPhotosManager.app */;
			productType = "com.apple.product-type.application";
		};
		91BB46121DFA832200FCE6A5 /* FlickrPhotosManagerTests */ = {
			isa = PBXNativeTarget;
			buildConfigurationList = 91BB462A1DFA832300FCE6A5 /* Build configuration list for PBXNativeTarget "FlickrPhotosManagerTests" */;
			buildPhases = (
				91BB460F1DFA832200FCE6A5 /* Sources */,
				91BB46101DFA832200FCE6A5 /* Frameworks */,
				91BB46111DFA832200FCE6A5 /* Resources */,
			);
			buildRules = (
			);
			dependencies = (
				91BB46151DFA832200FCE6A5 /* PBXTargetDependency */,
			);
			name = FlickrPhotosManagerTests;
			productName = FlickrPhotosManagerTests;
			productReference = 91BB46131DFA832200FCE6A5 /* FlickrPhotosManagerTests.xctest */;
			productType = "com.apple.product-type.bundle.unit-test";
		};
		91BB461D1DFA832300FCE6A5 /* FlickrPhotosManagerUITests */ = {
			isa = PBXNativeTarget;
			buildConfigurationList = 91BB462D1DFA832300FCE6A5 /* Build configuration list for PBXNativeTarget "FlickrPhotosManagerUITests" */;
			buildPhases = (
				91BB461A1DFA832300FCE6A5 /* Sources */,
				91BB461B1DFA832300FCE6A5 /* Frameworks */,
				91BB461C1DFA832300FCE6A5 /* Resources */,
			);
			buildRules = (
			);
			dependencies = (
				91BB46201DFA832300FCE6A5 /* PBXTargetDependency */,
			);
			name = FlickrPhotosManagerUITests;
			productName = FlickrPhotosManagerUITests;
			productReference = 91BB461E1DFA832300FCE6A5 /* FlickrPhotosManagerUITests.xctest */;
			productType = "com.apple.product-type.bundle.ui-testing";
		};
/* End PBXNativeTarget section */

/* Begin PBXProject section */
		91BB45F41DFA832200FCE6A5 /* Project object */ = {
			isa = PBXProject;
			attributes = {
				LastSwiftUpdateCheck = 0800;
				LastUpgradeCheck = 0800;
				ORGANIZATIONNAME = Jatin;
				TargetAttributes = {
					91BB45FB1DFA832200FCE6A5 = {
						CreatedOnToolsVersion = 8.0;
						ProvisioningStyle = Automatic;
					};
					91BB46121DFA832200FCE6A5 = {
						CreatedOnToolsVersion = 8.0;
						ProvisioningStyle = Automatic;
						TestTargetID = 91BB45FB1DFA832200FCE6A5;
					};
					91BB461D1DFA832300FCE6A5 = {
						CreatedOnToolsVersion = 8.0;
						ProvisioningStyle = Automatic;
						TestTargetID = 91BB45FB1DFA832200FCE6A5;
					};
				};
			};
			buildConfigurationList = 91BB45F71DFA832200FCE6A5 /* Build configuration list for PBXProject "FlickrPhotosManager" */;
			compatibilityVersion = "Xcode 3.2";
			developmentRegion = English;
			hasScannedForEncodings = 0;
			knownRegions = (
				en,
				Base,
			);
			mainGroup = 91BB45F31DFA832100FCE6A5;
			productRefGroup = 91BB45FD1DFA832200FCE6A5 /* Products */;
			projectDirPath = "";
			projectRoot = "";
			targets = (
				91BB45FB1DFA832200FCE6A5 /* FlickrPhotosManager */,
				91BB46121DFA832200FCE6A5 /* FlickrPhotosManagerTests */,
				91BB461D1DFA832300FCE6A5 /* FlickrPhotosManagerUITests */,
			);
		};
/* End PBXProject section */

/* Begin PBXResourcesBuildPhase section */
		91BB45FA1DFA832200FCE6A5 /* Resources */ = {
			isa = PBXResourcesBuildPhase;
			buildActionMask = 2147483647;
			files = (
				91BB460D1DFA832200FCE6A5 /* LaunchScreen.storyboard in Resources */,
				91BB460A1DFA832200FCE6A5 /* Assets.xcassets in Resources */,
				91BB46051DFA832200FCE6A5 /* Main.storyboard in Resources */,
			);
			runOnlyForDeploymentPostprocessing = 0;
		};
		91BB46111DFA832200FCE6A5 /* Resources */ = {
			isa = PBXResourcesBuildPhase;
			buildActionMask = 2147483647;
			files = (
			);
			runOnlyForDeploymentPostprocessing = 0;
		};
		91BB461C1DFA832300FCE6A5 /* Resources */ = {
			isa = PBXResourcesBuildPhase;
			buildActionMask = 2147483647;
			files = (
			);
			runOnlyForDeploymentPostprocessing = 0;
		};
/* End PBXResourcesBuildPhase section */

/* Begin PBXSourcesBuildPhase section */
		91BB45F81DFA832200FCE6A5 /* Sources */ = {
			isa = PBXSourcesBuildPhase;
			buildActionMask = 2147483647;
			files = (
				91BB46021DFA832200FCE6A5 /* ViewController.swift in Sources */,
				91BB46001DFA832200FCE6A5 /* AppDelegate.swift in Sources */,
				91BB46081DFA832200FCE6A5 /* FlickrPhotosManager.xcdatamodeld in Sources */,
			);
			runOnlyForDeploymentPostprocessing = 0;
		};
		91BB460F1DFA832200FCE6A5 /* Sources */ = {
			isa = PBXSourcesBuildPhase;
			buildActionMask = 2147483647;
			files = (
				91BB46181DFA832200FCE6A5 /* FlickrPhotosManagerTests.swift in Sources */,
			);
			runOnlyForDeploymentPostprocessing = 0;
		};
		91BB461A1DFA832300FCE6A5 /* Sources */ = {
			isa = PBXSourcesBuildPhase;
			buildActionMask = 2147483647;
			files = (
				91BB46231DFA832300FCE6A5 /* FlickrPhotosManagerUITests.swift in Sources */,
			);
			runOnlyForDeploymentPostprocessing = 0;
		};
/* End PBXSourcesBuildPhase section */

/* Begin PBXTargetDependency section */
		91BB46151DFA832200FCE6A5 /* PBXTargetDependency */ = {
			isa = PBXTargetDependency;
			target = 91BB45FB1DFA832200FCE6A5 /* FlickrPhotosManager */;
			targetProxy = 91BB46141DFA832200FCE6A5 /* PBXContainerItemProxy */;
		};
		91BB46201DFA832300FCE6A5 /* PBXTargetDependency */ = {
			isa = PBXTargetDependency;
			target = 91BB45FB1DFA832200FCE6A5 /* FlickrPhotosManager */;
			targetProxy = 91BB461F1DFA832300FCE6A5 /* PBXContainerItemProxy */;
		};
/* End PBXTargetDependency section */

/* Begin PBXVariantGroup section */
		91BB46031DFA832200FCE6A5 /* Main.storyboard */ = {
			isa = PBXVariantGroup;
			children = (
				91BB46041DFA832200FCE6A5 /* Base */,
			);
			name = Main.storyboard;
			sourceTree = "<group>";
		};
		91BB460B1DFA832200FCE6A5 /* LaunchScreen.storyboard */ = {
			isa = PBXVariantGroup;
			children = (
				91BB460C1DFA832200FCE6A5 /* Base */,
			);
			name = LaunchScreen.storyboard;
			sourceTree = "<group>";
		};
/* End PBXVariantGroup section */

/* Begin XCBuildConfiguration section */
		91BB46251DFA832300FCE6A5 /* Debug */ = {
			isa = XCBuildConfiguration;
			buildSettings = {
				ALWAYS_SEARCH_USER_PATHS = NO;
				CLANG_ANALYZER_NONNULL = YES;
				CLANG_CXX_LANGUAGE_STANDARD = "gnu++0x";
				CLANG_CXX_LIBRARY = "libc++";
				CLANG_ENABLE_MODULES = YES;
				CLANG_ENABLE_OBJC_ARC = YES;
				CLANG_WARN_BOOL_CONVERSION = YES;
				CLANG_WARN_CONSTANT_CONVERSION = YES;
				CLANG_WARN_DIRECT_OBJC_ISA_USAGE = YES_ERROR;
				CLANG_WARN_DOCUMENTATION_COMMENTS = YES;
				CLANG_WARN_EMPTY_BODY = YES;
				CLANG_WARN_ENUM_CONVERSION = YES;
				CLANG_WARN_INFINITE_RECURSION = YES;
				CLANG_WARN_INT_CONVERSION = YES;
				CLANG_WARN_OBJC_ROOT_CLASS = YES_ERROR;
				CLANG_WARN_SUSPICIOUS_MOVES = YES;
				CLANG_WARN_UNREACHABLE_CODE = YES;
				CLANG_WARN__DUPLICATE_METHOD_MATCH = YES;
				"CODE_SIGN_IDENTITY[sdk=iphoneos*]" = "iPhone Developer";
				COPY_PHASE_STRIP = NO;
				DEBUG_INFORMATION_FORMAT = dwarf;
				ENABLE_STRICT_OBJC_MSGSEND = YES;
				ENABLE_TESTABILITY = YES;
				GCC_C_LANGUAGE_STANDARD = gnu99;
				GCC_DYNAMIC_NO_PIC = NO;
				GCC_NO_COMMON_BLOCKS = YES;
				GCC_OPTIMIZATION_LEVEL = 0;
				GCC_PREPROCESSOR_DEFINITIONS = (
					"DEBUG=1",
					"$(inherited)",
				);
				GCC_WARN_64_TO_32_BIT_CONVERSION = YES;
				GCC_WARN_ABOUT_RETURN_TYPE = YES_ERROR;
				GCC_WARN_UNDECLARED_SELECTOR = YES;
				GCC_WARN_UNINITIALIZED_AUTOS = YES_AGGRESSIVE;
				GCC_WARN_UNUSED_FUNCTION = YES;
				GCC_WARN_UNUSED_VARIABLE = YES;
				IPHONEOS_DEPLOYMENT_TARGET = 10.0;
				MTL_ENABLE_DEBUG_INFO = YES;
				ONLY_ACTIVE_ARCH = YES;
				SDKROOT = iphoneos;
				SWIFT_ACTIVE_COMPILATION_CONDITIONS = DEBUG;
				SWIFT_OPTIMIZATION_LEVEL = "-Onone";
			};
			name = Debug;
		};
		91BB46261DFA832300FCE6A5 /* Release */ = {
			isa = XCBuildConfiguration;
			buildSettings = {
				ALWAYS_SEARCH_USER_PATHS = NO;
				CLANG_ANALYZER_NONNULL = YES;
				CLANG_CXX_LANGUAGE_STANDARD = "gnu++0x";
				CLANG_CXX_LIBRARY = "libc++";
				CLANG_ENABLE_MODULES = YES;
				CLANG_ENABLE_OBJC_ARC = YES;
				CLANG_WARN_BOOL_CONVERSION = YES;
				CLANG_WARN_CONSTANT_CONVERSION = YES;
				CLANG_WARN_DIRECT_OBJC_ISA_USAGE = YES_ERROR;
				CLANG_WARN_DOCUMENTATION_COMMENTS = YES;
				CLANG_WARN_EMPTY_BODY = YES;
				CLANG_WARN_ENUM_CONVERSION = YES;
				CLANG_WARN_INFINITE_RECURSION = YES;
				CLANG_WARN_INT_CONVERSION = YES;
				CLANG_WARN_OBJC_ROOT_CLASS = YES_ERROR;
				CLANG_WARN_SUSPICIOUS_MOVES = YES;
				CLANG_WARN_UNREACHABLE_CODE = YES;
				CLANG_WARN__DUPLICATE_METHOD_MATCH = YES;
				"CODE_SIGN_IDENTITY[sdk=iphoneos*]" = "iPhone Developer";
				COPY_PHASE_STRIP = NO;
				DEBUG_INFORMATION_FORMAT = "dwarf-with-dsym";
				ENABLE_NS_ASSERTIONS = NO;
				ENABLE_STRICT_OBJC_MSGSEND = YES;
				GCC_C_LANGUAGE_STANDARD = gnu99;
				GCC_NO_COMMON_BLOCKS = YES;
				GCC_WARN_64_TO_32_BIT_CONVERSION = YES;
				GCC_WARN_ABOUT_RETURN_TYPE = YES_ERROR;
				GCC_WARN_UNDECLARED_SELECTOR = YES;
				GCC_WARN_UNINITIALIZED_AUTOS = YES_AGGRESSIVE;
				GCC_WARN_UNUSED_FUNCTION = YES;
				GCC_WARN_UNUSED_VARIABLE = YES;
				IPHONEOS_DEPLOYMENT_TARGET = 10.0;
				MTL_ENABLE_DEBUG_INFO = NO;
				SDKROOT = iphoneos;
				SWIFT_OPTIMIZATION_LEVEL = "-Owholemodule";
				VALIDATE_PRODUCT = YES;
			};
			name = Release;
		};
		91BB46281DFA832300FCE6A5 /* Debug */ = {
			isa = XCBuildConfiguration;
			buildSettings = {
				ASSETCATALOG_COMPILER_APPICON_NAME = AppIcon;
				INFOPLIST_FILE = FlickrPhotosManager/Info.plist;
				LD_RUNPATH_SEARCH_PATHS = "$(inherited) @executable_path/Frameworks";
				PRODUCT_BUNDLE_IDENTIFIER = com.jatin.home.FlickrPhotosManager;
				PRODUCT_NAME = "$(TARGET_NAME)";
				SWIFT_VERSION = 3.0;
			};
			name = Debug;
		};
		91BB46291DFA832300FCE6A5 /* Release */ = {
			isa = XCBuildConfiguration;
			buildSettings = {
				ASSETCATALOG_COMPILER_APPICON_NAME = AppIcon;
				INFOPLIST_FILE = FlickrPhotosManager/Info.plist;
				LD_RUNPATH_SEARCH_PATHS = "$(inherited) @executable_path/Frameworks";
				PRODUCT_BUNDLE_IDENTIFIER = com.jatin.home.FlickrPhotosManager;
				PRODUCT_NAME = "$(TARGET_NAME)";
				SWIFT_VERSION = 3.0;
			};
			name = Release;
		};
		91BB462B1DFA832300FCE6A5 /* Debug */ = {
			isa = XCBuildConfiguration;
			buildSettings = {
				ALWAYS_EMBED_SWIFT_STANDARD_LIBRARIES = YES;
				BUNDLE_LOADER = "$(TEST_HOST)";
				INFOPLIST_FILE = FlickrPhotosManagerTests/Info.plist;
				LD_RUNPATH_SEARCH_PATHS = "$(inherited) @executable_path/Frameworks @loader_path/Frameworks";
				PRODUCT_BUNDLE_IDENTIFIER = com.jatin.home.FlickrPhotosManagerTests;
				PRODUCT_NAME = "$(TARGET_NAME)";
				SWIFT_VERSION = 3.0;
				TEST_HOST = "$(BUILT_PRODUCTS_DIR)/FlickrPhotosManager.app/FlickrPhotosManager";
			};
			name = Debug;
		};
		91BB462C1DFA832300FCE6A5 /* Release */ = {
			isa = XCBuildConfiguration;
			buildSettings = {
				ALWAYS_EMBED_SWIFT_STANDARD_LIBRARIES = YES;
				BUNDLE_LOADER = "$(TEST_HOST)";
				INFOPLIST_FILE = FlickrPhotosManagerTests/Info.plist;
				LD_RUNPATH_SEARCH_PATHS = "$(inherited) @executable_path/Frameworks @loader_path/Frameworks";
				PRODUCT_BUNDLE_IDENTIFIER = com.jatin.home.FlickrPhotosManagerTests;
				PRODUCT_NAME = "$(TARGET_NAME)";
				SWIFT_VERSION = 3.0;
				TEST_HOST = "$(BUILT_PRODUCTS_DIR)/FlickrPhotosManager.app/FlickrPhotosManager";
			};
			name = Release;
		};
		91BB462E1DFA832300FCE6A5 /* Debug */ = {
			isa = XCBuildConfiguration;
			buildSettings = {
				ALWAYS_EMBED_SWIFT_STANDARD_LIBRARIES = YES;
				INFOPLIST_FILE = FlickrPhotosManagerUITests/Info.plist;
				LD_RUNPATH_SEARCH_PATHS = "$(inherited) @executable_path/Frameworks @loader_path/Frameworks";
				PRODUCT_BUNDLE_IDENTIFIER = com.jatin.home.FlickrPhotosManagerUITests;
				PRODUCT_NAME = "$(TARGET_NAME)";
				SWIFT_VERSION = 3.0;
				TEST_TARGET_NAME = FlickrPhotosManager;
			};
			name = Debug;
		};
		91BB462F1DFA832300FCE6A5 /* Release */ = {
			isa = XCBuildConfiguration;
			buildSettings = {
				ALWAYS_EMBED_SWIFT_STANDARD_LIBRARIES = YES;
				INFOPLIST_FILE = FlickrPhotosManagerUITests/Info.plist;
				LD_RUNPATH_SEARCH_PATHS = "$(inherited) @executable_path/Frameworks @loader_path/Frameworks";
				PRODUCT_BUNDLE_IDENTIFIER = com.jatin.home.FlickrPhotosManagerUITests;
				PRODUCT_NAME = "$(TARGET_NAME)";
				SWIFT_VERSION = 3.0;
				TEST_TARGET_NAME = FlickrPhotosManager;
			};
			name = Release;
		};
/* End XCBuildConfiguration section */

/* Begin XCConfigurationList section */
		91BB45F71DFA832200FCE6A5 /* Build configuration list for PBXProject "FlickrPhotosManager" */ = {
			isa = XCConfigurationList;
			buildConfigurations = (
				91BB46251DFA832300FCE6A5 /* Debug */,
				91BB46261DFA832300FCE6A5 /* Release */,
			);
			defaultConfigurationIsVisible = 0;
			defaultConfigurationName = Release;
		};
		91BB46271DFA832300FCE6A5 /* Build configuration list for PBXNativeTarget "FlickrPhotosManager" */ = {
			isa = XCConfigurationList;
			buildConfigurations = (
				91BB46281DFA832300FCE6A5 /* Debug */,
				91BB46291DFA832300FCE6A5 /* Release */,
			);
			defaultConfigurationIsVisible = 0;
		};
		91BB462A1DFA832300FCE6A5 /* Build configuration list for PBXNativeTarget "FlickrPhotosManagerTests" */ = {
			isa = XCConfigurationList;
			buildConfigurations = (
				91BB462B1DFA832300FCE6A5 /* Debug */,
				91BB462C1DFA832300FCE6A5 /* Release */,
			);
			defaultConfigurationIsVisible = 0;
		};
		91BB462D1DFA832300FCE6A5 /* Build configuration list for PBXNativeTarget "FlickrPhotosManagerUITests" */ = {
			isa = XCConfigurationList;
			buildConfigurations = (
				91BB462E1DFA832300FCE6A5 /* Debug */,
				91BB462F1DFA832300FCE6A5 /* Release */,
			);
			defaultConfigurationIsVisible = 0;
		};
/* End XCConfigurationList section */

/* Begin XCVersionGroup section */
		91BB46061DFA832200FCE6A5 /* FlickrPhotosManager.xcdatamodeld */ = {
			isa = XCVersionGroup;
			children = (
				91BB46071DFA832200FCE6A5 /* FlickrPhotosManager.xcdatamodel */,
			);
			currentVersion = 91BB46071DFA832200FCE6A5 /* FlickrPhotosManager.xcdatamodel */;
			path = FlickrPhotosManager.xcdatamodeld;
			sourceTree = "<group>";
			versionGroupType = wrapper.xcdatamodel;
		};
/* End XCVersionGroup section */
	};
	rootObject = 91BB45F41DFA832200FCE6A5 /* Project object */;
}
